
Microsoft Visual Studio Solution File, Format Version 12.00
# Visual Studio 15
VisualStudioVersion = 15.0.27703.2026
MinimumVisualStudioVersion = 10.0.40219.1
Project("{FAE04EC0-301F-11D3-BF4B-00C04F79EFBC}") = "Xandos", "Xandos\Xandos.csproj", "{46FB695E-C29B-45F8-9CDB-B031ECC54473}"
EndProject
Project("{FAE04EC0-301F-11D3-BF4B-00C04F79EFBC}") = "Tests", "Tests\Tests.csproj", "{C3812C47-130C-4C0B-99E9-6036B62A13B9}"
EndProject
Project("{FAE04EC0-301F-11D3-BF4B-00C04F79EFBC}") = "Model", "Model\Model.csproj", "{917833E3-2942-4737-BD30-C7022CFCAFB9}"
EndProject
Global
	GlobalSection(SolutionConfigurationPlatforms) = preSolution
		Debug|Any CPU = Debug|Any CPU
		Release|Any CPU = Release|Any CPU
	EndGlobalSection
	GlobalSection(ProjectConfigurationPlatforms) = postSolution
		{46FB695E-C29B-45F8-9CDB-B031ECC54473}.Debug|Any CPU.ActiveCfg = Debug|Any CPU
		{46FB695E-C29B-45F8-9CDB-B031ECC54473}.Debug|Any CPU.Build.0 = Debug|Any CPU
		{46FB695E-C29B-45F8-9CDB-B031ECC54473}.Release|Any CPU.ActiveCfg = Release|Any CPU
		{46FB695E-C29B-45F8-9CDB-B031ECC54473}.Release|Any CPU.Build.0 = Release|Any CPU
		{C3812C47-130C-4C0B-99E9-6036B62A13B9}.Debug|Any CPU.ActiveCfg = Debug|Any CPU
		{C3812C47-130C-4C0B-99E9-6036B62A13B9}.Debug|Any CPU.Build.0 = Debug|Any CPU
		{C3812C47-130C-4C0B-99E9-6036B62A13B9}.Release|Any CPU.ActiveCfg = Release|Any CPU
		{C3812C47-130C-4C0B-99E9-6036B62A13B9}.Release|Any CPU.Build.0 = Release|Any CPU
		{917833E3-2942-4737-BD30-C7022CFCAFB9}.Debug|Any CPU.ActiveCfg = Debug|Any CPU
		{917833E3-2942-4737-BD30-C7022CFCAFB9}.Debug|Any CPU.Build.0 = Debug|Any CPU
		{917833E3-2942-4737-BD30-C7022CFCAFB9}.Release|Any CPU.ActiveCfg = Release|Any CPU
		{917833E3-2942-4737-BD30-C7022CFCAFB9}.Release|Any CPU.Build.0 = Release|Any CPU
	EndGlobalSection
	GlobalSection(SolutionProperties) = preSolution
		HideSolutionNode = FALSE
	EndGlobalSection
	GlobalSection(ExtensibilityGlobals) = postSolution
		SolutionGuid = {EE5E0FC6-C4D7-42CD-9856-ABD83F47BD20}
	EndGlobalSection
EndGlobal
